github.com/sriram1113/go-work v0.0.0-20200124064344-84c18050096b h1:6IWF96NJKPCrvjyYrlVpUYuvjlI8aLXj9/OcjMfMz2s=
github.com/sriram1113/go-work v0.0.0-20200125085256-ee8bdf11a3e1 h1:XB65JDmTDqvz93uG10RVgVFRgBML/+SlbEsWJ2GUovM=
github.com/sriram1113/go-work/hello v0.0.0-20200125082835-a53ac35b5dd9/go.mod h1:2FQQTuAAiuX6SlMnJpjODqNttv2kHqEtyku2F4Y/zbw=
github.com/sriram1113/go-work/hello/morestrings v0.0.0-20200125085256-ee8bdf11a3e1 h1:rvHuBrtEF2cYrsQSEJXMES6w8x/yP5tEpMVsG6U6KaE=
github.com/sriram1113/go-work/hello/morestrings v0.0.0-20200125085256-ee8bdf11a3e1/go.mod h1:FPd7CfevEKqzXZEk1CVPnZzJOozLTt0PqnV1nii6EyY=
